{
  "name": "prueba",
  "version": "1.0.0",
  "lockfileVersion": 1,
  "requires": true,
  "dependencies": {
    "tecsup-dawa-bladimir-huanca": {
      "version": "0.0.1",
      "resolved": "https://registry.npmjs.org/tecsup-dawa-bladimir-huanca/-/tecsup-dawa-bladimir-huanca-0.0.1.tgz",
      "integrity": "sha512-X9XbHjLij/RSEdbKUklVq/WY5YhmbVysEaiVZIoY5FPMtSI4Onm231M/6NIFR6+Ytrx5zLlorN/h1Rv1jdc03g==",
      "requires": {
        "underscore": "^1.9.1"
      }
    },
    "underscore": {
      "version": "1.13.1",
      "resolved": "https://registry.npmjs.org/underscore/-/underscore-1.13.1.tgz",
      "integrity": "sha512-hzSoAVtJF+3ZtiFX0VgfFPHEDRm7Y/QPjGyNo4TVdnDTdft3tr8hEkD25a1jC+TjTuE7tkHGKkhwCgs9dgBB2g=="
    }
  }
}
